
Microsoft Visual Studio Solution File, Format Version 12.00
# Visual Studio 15
VisualStudioVersion = 15.0.28010.2003
MinimumVisualStudioVersion = 10.0.40219.1
Project("{FAE04EC0-301F-11D3-BF4B-00C04F79EFBC}") = "vbucksgen", "vbuckscam\vbucksgen.csproj", "{35ACF8BD-3B79-4FC3-9404-D1D17AD6A4F1}"
EndProject
Global
	GlobalSection(SolutionConfigurationPlatforms) = preSolution
		Debug|Any CPU = Debug|Any CPU
		Release|Any CPU = Release|Any CPU
	EndGlobalSection
	GlobalSection(ProjectConfigurationPlatforms) = postSolution
		{35ACF8BD-3B79-4FC3-9404-D1D17AD6A4F1}.Debug|Any CPU.ActiveCfg = Debug|Any CPU
		{35ACF8BD-3B79-4FC3-9404-D1D17AD6A4F1}.Debug|Any CPU.Build.0 = Debug|Any CPU
		{35ACF8BD-3B79-4FC3-9404-D1D17AD6A4F1}.Release|Any CPU.ActiveCfg = Release|Any CPU
		{35ACF8BD-3B79-4FC3-9404-D1D17AD6A4F1}.Release|Any CPU.Build.0 = Release|Any CPU
	EndGlobalSection
	GlobalSection(SolutionProperties) = preSolution
		HideSolutionNode = FALSE
	EndGlobalSection
	GlobalSection(ExtensibilityGlobals) = postSolution
		SolutionGuid = {9F6356B9-E7CF-4008-8A16-AFFE90C9BA61}
	EndGlobalSection
EndGlobal
